// !$*UTF8*$!
{
	archiveVersion = 1;
	classes = {
	};
	objectVersion = 46;
	objects = {

/* Begin PBXBuildFile section */
		7512BA461BE991C9007D89B9 /* main.m in Sources */ = {isa = PBXBuildFile; fileRef = 7512BA451BE991C9007D89B9 /* main.m */; };
		7512BA521BE99216007D89B9 /* LLNode.m in Sources */ = {isa = PBXBuildFile; fileRef = 7512BA4D1BE99216007D89B9 /* LLNode.m */; };
		7512BA541BE99216007D89B9 /* SinglyLinkedList.m in Sources */ = {isa = PBXBuildFile; fileRef = 7512BA511BE99216007D89B9 /* SinglyLinkedList.m */; };
/* End PBXBuildFile section */

/* Begin PBXCopyFilesBuildPhase section */
		7512BA401BE991C9007D89B9 /* CopyFiles */ = {
			isa = PBXCopyFilesBuildPhase;
			buildActionMask = 2147483647;
			dstPath = /usr/share/man/man1/;
			dstSubfolderSpec = 0;
			files = (
			);
			runOnlyForDeploymentPostprocessing = 1;
		};
/* End PBXCopyFilesBuildPhase section */

/* Begin PBXFileReference section */
		7512BA421BE991C9007D89B9 /* ObjC-DSA */ = {isa = PBXFileReference; explicitFileType = "compiled.mach-o.executable"; includeInIndex = 0; path = "ObjC-DSA"; sourceTree = BUILT_PRODUCTS_DIR; };
		7512BA451BE991C9007D89B9 /* main.m */ = {isa = PBXFileReference; lastKnownFileType = sourcecode.c.objc; path = main.m; sourceTree = "<group>"; };
		7512BA4C1BE99216007D89B9 /* LLNode.h */ = {isa = PBXFileReference; fileEncoding = 4; lastKnownFileType = sourcecode.c.h; path = LLNode.h; sourceTree = SOURCE_ROOT; };
		7512BA4D1BE99216007D89B9 /* LLNode.m */ = {isa = PBXFileReference; fileEncoding = 4; lastKnownFileType = sourcecode.c.objc; path = LLNode.m; sourceTree = SOURCE_ROOT; };
		7512BA501BE99216007D89B9 /* SinglyLinkedList.h */ = {isa = PBXFileReference; fileEncoding = 4; lastKnownFileType = sourcecode.c.h; path = SinglyLinkedList.h; sourceTree = SOURCE_ROOT; };
		7512BA511BE99216007D89B9 /* SinglyLinkedList.m */ = {isa = PBXFileReference; fileEncoding = 4; lastKnownFileType = sourcecode.c.objc; path = SinglyLinkedList.m; sourceTree = SOURCE_ROOT; };
/* End PBXFileReference section */

/* Begin PBXFrameworksBuildPhase section */
		7512BA3F1BE991C9007D89B9 /* Frameworks */ = {
			isa = PBXFrameworksBuildPhase;
			buildActionMask = 2147483647;
			files = (
			);
			runOnlyForDeploymentPostprocessing = 0;
		};
/* End PBXFrameworksBuildPhase section */

/* Begin PBXGroup section */
		7512BA391BE991C9007D89B9 = {
			isa = PBXGroup;
			children = (
				7512BA441BE991C9007D89B9 /* ObjC-DSA */,
				7512BA431BE991C9007D89B9 /* Products */,
			);
			sourceTree = "<group>";
		};
		7512BA431BE991C9007D89B9 /* Products */ = {
			isa = PBXGroup;
			children = (
				7512BA421BE991C9007D89B9 /* ObjC-DSA */,
			);
			name = Products;
			sourceTree = "<group>";
		};
		7512BA441BE991C9007D89B9 /* ObjC-DSA */ = {
			isa = PBXGroup;
			children = (
				7512BA4C1BE99216007D89B9 /* LLNode.h */,
				7512BA4D1BE99216007D89B9 /* LLNode.m */,
				7512BA501BE99216007D89B9 /* SinglyLinkedList.h */,
				7512BA511BE99216007D89B9 /* SinglyLinkedList.m */,
				7512BA451BE991C9007D89B9 /* main.m */,
			);
			path = "ObjC-DSA";
			sourceTree = "<group>";
		};
/* End PBXGroup section */

/* Begin PBXNativeTarget section */
		7512BA411BE991C9007D89B9 /* ObjC-DSA */ = {
			isa = PBXNativeTarget;
			buildConfigurationList = 7512BA491BE991C9007D89B9 /* Build configuration list for PBXNativeTarget "ObjC-DSA" */;
			buildPhases = (
				7512BA3E1BE991C9007D89B9 /* Sources */,
				7512BA3F1BE991C9007D89B9 /* Frameworks */,
				7512BA401BE991C9007D89B9 /* CopyFiles */,
			);
			buildRules = (
			);
			dependencies = (
			);
			name = "ObjC-DSA";
			productName = "ObjC-DSA";
			productReference = 7512BA421BE991C9007D89B9 /* ObjC-DSA */;
			productType = "com.apple.product-type.tool";
		};
/* End PBXNativeTarget section */

/* Begin PBXProject section */
		7512BA3A1BE991C9007D89B9 /* Project object */ = {
			isa = PBXProject;
			attributes = {
				LastUpgradeCheck = 0640;
				ORGANIZATIONNAME = "Mansi Barodia";
				TargetAttributes = {
					7512BA411BE991C9007D89B9 = {
						CreatedOnToolsVersion = 6.4;
					};
				};
			};
			buildConfigurationList = 7512BA3D1BE991C9007D89B9 /* Build configuration list for PBXProject "ObjC-DSA" */;
			compatibilityVersion = "Xcode 3.2";
			developmentRegion = English;
			hasScannedForEncodings = 0;
			knownRegions = (
				en,
			);
			mainGroup = 7512BA391BE991C9007D89B9;
			productRefGroup = 7512BA431BE991C9007D89B9 /* Products */;
			projectDirPath = "";
			projectRoot = "";
			targets = (
				7512BA411BE991C9007D89B9 /* ObjC-DSA */,
			);
		};
/* End PBXProject section */

/* Begin PBXSourcesBuildPhase section */
		7512BA3E1BE991C9007D89B9 /* Sources */ = {
			isa = PBXSourcesBuildPhase;
			buildActionMask = 2147483647;
			files = (
				7512BA461BE991C9007D89B9 /* main.m in Sources */,
				7512BA541BE99216007D89B9 /* SinglyLinkedList.m in Sources */,
				7512BA521BE99216007D89B9 /* LLNode.m in Sources */,
			);
			runOnlyForDeploymentPostprocessing = 0;
		};
/* End PBXSourcesBuildPhase section */

/* Begin XCBuildConfiguration section */
		7512BA471BE991C9007D89B9 /* Debug */ = {
			isa = XCBuildConfiguration;
			buildSettings = {
				ALWAYS_SEARCH_USER_PATHS = NO;
				CLANG_CXX_LANGUAGE_STANDARD = "gnu++0x";
				CLANG_CXX_LIBRARY = "libc++";
				CLANG_ENABLE_MODULES = YES;
				CLANG_ENABLE_OBJC_ARC = YES;
				CLANG_WARN_BOOL_CONVERSION = YES;
				CLANG_WARN_CONSTANT_CONVERSION = YES;
				CLANG_WARN_DIRECT_OBJC_ISA_USAGE = YES_ERROR;
				CLANG_WARN_EMPTY_BODY = YES;
				CLANG_WARN_ENUM_CONVERSION = YES;
				CLANG_WARN_INT_CONVERSION = YES;
				CLANG_WARN_OBJC_ROOT_CLASS = YES_ERROR;
				CLANG_WARN_UNREACHABLE_CODE = YES;
				CLANG_WARN__DUPLICATE_METHOD_MATCH = YES;
				COPY_PHASE_STRIP = NO;
				DEBUG_INFORMATION_FORMAT = dwarf;
				ENABLE_STRICT_OBJC_MSGSEND = YES;
				GCC_C_LANGUAGE_STANDARD = gnu99;
				GCC_DYNAMIC_NO_PIC = NO;
				GCC_NO_COMMON_BLOCKS = YES;
				GCC_OPTIMIZATION_LEVEL = 0;
				GCC_PREPROCESSOR_DEFINITIONS = (
					"DEBUG=1",
					"$(inherited)",
				);
				GCC_SYMBOLS_PRIVATE_EXTERN = NO;
				GCC_WARN_64_TO_32_BIT_CONVERSION = YES;
				GCC_WARN_ABOUT_RETURN_TYPE = YES_ERROR;
				GCC_WARN_UNDECLARED_SELECTOR = YES;
				GCC_WARN_UNINITIALIZED_AUTOS = YES_AGGRESSIVE;
				GCC_WARN_UNUSED_FUNCTION = YES;
				GCC_WARN_UNUSED_VARIABLE = YES;
				MACOSX_DEPLOYMENT_TARGET = 10.10;
				MTL_ENABLE_DEBUG_INFO = YES;
				ONLY_ACTIVE_ARCH = YES;
				SDKROOT = macosx;
			};
			name = Debug;
		};
		7512BA481BE991C9007D89B9 /* Release */ = {
			isa = XCBuildConfiguration;
			buildSettings = {
				ALWAYS_SEARCH_USER_PATHS = NO;
				CLANG_CXX_LANGUAGE_STANDARD = "gnu++0x";
				CLANG_CXX_LIBRARY = "libc++";
				CLANG_ENABLE_MODULES = YES;
				CLANG_ENABLE_OBJC_ARC = YES;
				CLANG_WARN_BOOL_CONVERSION = YES;
				CLANG_WARN_CONSTANT_CONVERSION = YES;
				CLANG_WARN_DIRECT_OBJC_ISA_USAGE = YES_ERROR;
				CLANG_WARN_EMPTY_BODY = YES;
				CLANG_WARN_ENUM_CONVERSION = YES;
				CLANG_WARN_INT_CONVERSION = YES;
				CLANG_WARN_OBJC_ROOT_CLASS = YES_ERROR;
				CLANG_WARN_UNREACHABLE_CODE = YES;
				CLANG_WARN__DUPLICATE_METHOD_MATCH = YES;
				COPY_PHASE_STRIP = NO;
				DEBUG_INFORMATION_FORMAT = "dwarf-with-dsym";
				ENABLE_NS_ASSERTIONS = NO;
				ENABLE_STRICT_OBJC_MSGSEND = YES;
				GCC_C_LANGUAGE_STANDARD = gnu99;
				GCC_NO_COMMON_BLOCKS = YES;
				GCC_WARN_64_TO_32_BIT_CONVERSION = YES;
				GCC_WARN_ABOUT_RETURN_TYPE = YES_ERROR;
				GCC_WARN_UNDECLARED_SELECTOR = YES;
				GCC_WARN_UNINITIALIZED_AUTOS = YES_AGGRESSIVE;
				GCC_WARN_UNUSED_FUNCTION = YES;
				GCC_WARN_UNUSED_VARIABLE = YES;
				MACOSX_DEPLOYMENT_TARGET = 10.10;
				MTL_ENABLE_DEBUG_INFO = NO;
				SDKROOT = macosx;
			};
			name = Release;
		};
		7512BA4A1BE991C9007D89B9 /* Debug */ = {
			isa = XCBuildConfiguration;
			buildSettings = {
				PRODUCT_NAME = "$(TARGET_NAME)";
			};
			name = Debug;
		};
		7512BA4B1BE991C9007D89B9 /* Release */ = {
			isa = XCBuildConfiguration;
			buildSettings = {
				PRODUCT_NAME = "$(TARGET_NAME)";
			};
			name = Release;
		};
/* End XCBuildConfiguration section */

/* Begin XCConfigurationList section */
		7512BA3D1BE991C9007D89B9 /* Build configuration list for PBXProject "ObjC-DSA" */ = {
			isa = XCConfigurationList;
			buildConfigurations = (
				7512BA471BE991C9007D89B9 /* Debug */,
				7512BA481BE991C9007D89B9 /* Release */,
			);
			defaultConfigurationIsVisible = 0;
			defaultConfigurationName = Release;
		};
		7512BA491BE991C9007D89B9 /* Build configuration list for PBXNativeTarget "ObjC-DSA" */ = {
			isa = XCConfigurationList;
			buildConfigurations = (
				7512BA4A1BE991C9007D89B9 /* Debug */,
				7512BA4B1BE991C9007D89B9 /* Release */,
			);
			defaultConfigurationIsVisible = 0;
		};
/* End XCConfigurationList section */
	};
	rootObject = 7512BA3A1BE991C9007D89B9 /* Project object */;
}
