// !$*UTF8*$!
{
	archiveVersion = 1;
	classes = {
	};
	objectVersion = 46;
	objects = {

/* Begin PBXBuildFile section */
		7587E18C1BEB0113006E01E8 /* main.m in Sources */ = {isa = PBXBuildFile; fileRef = 7587E18B1BEB0113006E01E8 /* main.m */; };
		7587E1911BEB011C006E01E8 /* CircularLinkedList.m in Sources */ = {isa = PBXBuildFile; fileRef = 7587E18E1BEB011C006E01E8 /* CircularLinkedList.m */; };
		7587E1921BEB011C006E01E8 /* CircularLinkedListController.m in Sources */ = {isa = PBXBuildFile; fileRef = 7587E1901BEB011C006E01E8 /* CircularLinkedListController.m */; };
		7587E1991BEB0123006E01E8 /* DoubleLLNode.m in Sources */ = {isa = PBXBuildFile; fileRef = 7587E1941BEB0123006E01E8 /* DoubleLLNode.m */; };
		7587E19A1BEB0123006E01E8 /* DoublyLinkedList.m in Sources */ = {isa = PBXBuildFile; fileRef = 7587E1961BEB0123006E01E8 /* DoublyLinkedList.m */; };
		7587E19B1BEB0123006E01E8 /* DoublyLinkedListController.m in Sources */ = {isa = PBXBuildFile; fileRef = 7587E1981BEB0123006E01E8 /* DoublyLinkedListController.m */; };
		7587E1A21BEB012A006E01E8 /* LLNode.m in Sources */ = {isa = PBXBuildFile; fileRef = 7587E19D1BEB012A006E01E8 /* LLNode.m */; };
		7587E1A31BEB012A006E01E8 /* SinglyLinkedList.m in Sources */ = {isa = PBXBuildFile; fileRef = 7587E19F1BEB012A006E01E8 /* SinglyLinkedList.m */; };
		7587E1A41BEB012A006E01E8 /* SinglyLinkedListController.m in Sources */ = {isa = PBXBuildFile; fileRef = 7587E1A11BEB012A006E01E8 /* SinglyLinkedListController.m */; };
		75D8DBF11E14568700E11B22 /* Queue.m in Sources */ = {isa = PBXBuildFile; fileRef = 75D8DBF01E14568700E11B22 /* Queue.m */; };
		75D8DBF41E14569400E11B22 /* QueueController.m in Sources */ = {isa = PBXBuildFile; fileRef = 75D8DBF31E14569400E11B22 /* QueueController.m */; };
/* End PBXBuildFile section */

/* Begin PBXCopyFilesBuildPhase section */
		7512BA401BE991C9007D89B9 /* CopyFiles */ = {
			isa = PBXCopyFilesBuildPhase;
			buildActionMask = 2147483647;
			dstPath = /usr/share/man/man1/;
			dstSubfolderSpec = 0;
			files = (
			);
			runOnlyForDeploymentPostprocessing = 1;
		};
/* End PBXCopyFilesBuildPhase section */

/* Begin PBXFileReference section */
		7512BA421BE991C9007D89B9 /* ObjC-DSA */ = {isa = PBXFileReference; explicitFileType = "compiled.mach-o.executable"; includeInIndex = 0; path = "ObjC-DSA"; sourceTree = BUILT_PRODUCTS_DIR; };
		7587E18B1BEB0113006E01E8 /* main.m */ = {isa = PBXFileReference; fileEncoding = 4; lastKnownFileType = sourcecode.c.objc; name = main.m; path = "ObjC-DSA/main.m"; sourceTree = "<group>"; };
		7587E18D1BEB011C006E01E8 /* CircularLinkedList.h */ = {isa = PBXFileReference; fileEncoding = 4; lastKnownFileType = sourcecode.c.h; name = CircularLinkedList.h; path = "ObjC-DSA/CircularLinkedList/CircularLinkedList.h"; sourceTree = "<group>"; };
		7587E18E1BEB011C006E01E8 /* CircularLinkedList.m */ = {isa = PBXFileReference; fileEncoding = 4; lastKnownFileType = sourcecode.c.objc; name = CircularLinkedList.m; path = "ObjC-DSA/CircularLinkedList/CircularLinkedList.m"; sourceTree = "<group>"; };
		7587E18F1BEB011C006E01E8 /* CircularLinkedListController.h */ = {isa = PBXFileReference; fileEncoding = 4; lastKnownFileType = sourcecode.c.h; name = CircularLinkedListController.h; path = "ObjC-DSA/CircularLinkedList/CircularLinkedListController.h"; sourceTree = "<group>"; };
		7587E1901BEB011C006E01E8 /* CircularLinkedListController.m */ = {isa = PBXFileReference; fileEncoding = 4; lastKnownFileType = sourcecode.c.objc; name = CircularLinkedListController.m; path = "ObjC-DSA/CircularLinkedList/CircularLinkedListController.m"; sourceTree = "<group>"; };
		7587E1931BEB0123006E01E8 /* DoubleLLNode.h */ = {isa = PBXFileReference; fileEncoding = 4; lastKnownFileType = sourcecode.c.h; name = DoubleLLNode.h; path = "ObjC-DSA/DoubleLinkedList/DoubleLLNode.h"; sourceTree = "<group>"; };
		7587E1941BEB0123006E01E8 /* DoubleLLNode.m */ = {isa = PBXFileReference; fileEncoding = 4; lastKnownFileType = sourcecode.c.objc; name = DoubleLLNode.m; path = "ObjC-DSA/DoubleLinkedList/DoubleLLNode.m"; sourceTree = "<group>"; };
		7587E1951BEB0123006E01E8 /* DoublyLinkedList.h */ = {isa = PBXFileReference; fileEncoding = 4; lastKnownFileType = sourcecode.c.h; name = DoublyLinkedList.h; path = "ObjC-DSA/DoubleLinkedList/DoublyLinkedList.h"; sourceTree = "<group>"; };
		7587E1961BEB0123006E01E8 /* DoublyLinkedList.m */ = {isa = PBXFileReference; fileEncoding = 4; lastKnownFileType = sourcecode.c.objc; name = DoublyLinkedList.m; path = "ObjC-DSA/DoubleLinkedList/DoublyLinkedList.m"; sourceTree = "<group>"; };
		7587E1971BEB0123006E01E8 /* DoublyLinkedListController.h */ = {isa = PBXFileReference; fileEncoding = 4; lastKnownFileType = sourcecode.c.h; name = DoublyLinkedListController.h; path = "ObjC-DSA/DoubleLinkedList/DoublyLinkedListController.h"; sourceTree = "<group>"; };
		7587E1981BEB0123006E01E8 /* DoublyLinkedListController.m */ = {isa = PBXFileReference; fileEncoding = 4; lastKnownFileType = sourcecode.c.objc; name = DoublyLinkedListController.m; path = "ObjC-DSA/DoubleLinkedList/DoublyLinkedListController.m"; sourceTree = "<group>"; };
		7587E19C1BEB012A006E01E8 /* LLNode.h */ = {isa = PBXFileReference; fileEncoding = 4; lastKnownFileType = sourcecode.c.h; name = LLNode.h; path = "ObjC-DSA/SingleLinkedList/LLNode.h"; sourceTree = "<group>"; };
		7587E19D1BEB012A006E01E8 /* LLNode.m */ = {isa = PBXFileReference; fileEncoding = 4; lastKnownFileType = sourcecode.c.objc; name = LLNode.m; path = "ObjC-DSA/SingleLinkedList/LLNode.m"; sourceTree = "<group>"; };
		7587E19E1BEB012A006E01E8 /* SinglyLinkedList.h */ = {isa = PBXFileReference; fileEncoding = 4; lastKnownFileType = sourcecode.c.h; name = SinglyLinkedList.h; path = "ObjC-DSA/SingleLinkedList/SinglyLinkedList.h"; sourceTree = "<group>"; };
		7587E19F1BEB012A006E01E8 /* SinglyLinkedList.m */ = {isa = PBXFileReference; fileEncoding = 4; lastKnownFileType = sourcecode.c.objc; name = SinglyLinkedList.m; path = "ObjC-DSA/SingleLinkedList/SinglyLinkedList.m"; sourceTree = "<group>"; };
		7587E1A01BEB012A006E01E8 /* SinglyLinkedListController.h */ = {isa = PBXFileReference; fileEncoding = 4; lastKnownFileType = sourcecode.c.h; name = SinglyLinkedListController.h; path = "ObjC-DSA/SingleLinkedList/SinglyLinkedListController.h"; sourceTree = "<group>"; };
		7587E1A11BEB012A006E01E8 /* SinglyLinkedListController.m */ = {isa = PBXFileReference; fileEncoding = 4; lastKnownFileType = sourcecode.c.objc; name = SinglyLinkedListController.m; path = "ObjC-DSA/SingleLinkedList/SinglyLinkedListController.m"; sourceTree = "<group>"; };
		75D8DBEF1E14568700E11B22 /* Queue.h */ = {isa = PBXFileReference; fileEncoding = 4; lastKnownFileType = sourcecode.c.h; path = Queue.h; sourceTree = "<group>"; };
		75D8DBF01E14568700E11B22 /* Queue.m */ = {isa = PBXFileReference; fileEncoding = 4; lastKnownFileType = sourcecode.c.objc; path = Queue.m; sourceTree = "<group>"; };
		75D8DBF21E14569400E11B22 /* QueueController.h */ = {isa = PBXFileReference; fileEncoding = 4; lastKnownFileType = sourcecode.c.h; path = QueueController.h; sourceTree = "<group>"; };
		75D8DBF31E14569400E11B22 /* QueueController.m */ = {isa = PBXFileReference; fileEncoding = 4; lastKnownFileType = sourcecode.c.objc; path = QueueController.m; sourceTree = "<group>"; };
/* End PBXFileReference section */

/* Begin PBXFrameworksBuildPhase section */
		7512BA3F1BE991C9007D89B9 /* Frameworks */ = {
			isa = PBXFrameworksBuildPhase;
			buildActionMask = 2147483647;
			files = (
			);
			runOnlyForDeploymentPostprocessing = 0;
		};
/* End PBXFrameworksBuildPhase section */

/* Begin PBXGroup section */
		7512BA391BE991C9007D89B9 = {
			isa = PBXGroup;
			children = (
				75D8DBF21E14569400E11B22 /* QueueController.h */,
				75D8DBF31E14569400E11B22 /* QueueController.m */,
				75D8DBEF1E14568700E11B22 /* Queue.h */,
				75D8DBF01E14568700E11B22 /* Queue.m */,
				7587E19C1BEB012A006E01E8 /* LLNode.h */,
				7587E19D1BEB012A006E01E8 /* LLNode.m */,
				7587E19E1BEB012A006E01E8 /* SinglyLinkedList.h */,
				7587E19F1BEB012A006E01E8 /* SinglyLinkedList.m */,
				7587E1A01BEB012A006E01E8 /* SinglyLinkedListController.h */,
				7587E1A11BEB012A006E01E8 /* SinglyLinkedListController.m */,
				7587E18B1BEB0113006E01E8 /* main.m */,
				7587E1931BEB0123006E01E8 /* DoubleLLNode.h */,
				7587E1941BEB0123006E01E8 /* DoubleLLNode.m */,
				7587E1951BEB0123006E01E8 /* DoublyLinkedList.h */,
				7587E1961BEB0123006E01E8 /* DoublyLinkedList.m */,
				7587E1971BEB0123006E01E8 /* DoublyLinkedListController.h */,
				7587E1981BEB0123006E01E8 /* DoublyLinkedListController.m */,
				7587E18D1BEB011C006E01E8 /* CircularLinkedList.h */,
				7587E18E1BEB011C006E01E8 /* CircularLinkedList.m */,
				7587E18F1BEB011C006E01E8 /* CircularLinkedListController.h */,
				7587E1901BEB011C006E01E8 /* CircularLinkedListController.m */,
				7512BA431BE991C9007D89B9 /* Products */,
			);
			sourceTree = "<group>";
		};
		7512BA431BE991C9007D89B9 /* Products */ = {
			isa = PBXGroup;
			children = (
				7512BA421BE991C9007D89B9 /* ObjC-DSA */,
			);
			name = Products;
			sourceTree = "<group>";
		};
/* End PBXGroup section */

/* Begin PBXNativeTarget section */
		7512BA411BE991C9007D89B9 /* ObjC-DSA */ = {
			isa = PBXNativeTarget;
			buildConfigurationList = 7512BA491BE991C9007D89B9 /* Build configuration list for PBXNativeTarget "ObjC-DSA" */;
			buildPhases = (
				7512BA3E1BE991C9007D89B9 /* Sources */,
				7512BA3F1BE991C9007D89B9 /* Frameworks */,
				7512BA401BE991C9007D89B9 /* CopyFiles */,
			);
			buildRules = (
			);
			dependencies = (
			);
			name = "ObjC-DSA";
			productName = "ObjC-DSA";
			productReference = 7512BA421BE991C9007D89B9 /* ObjC-DSA */;
			productType = "com.apple.product-type.tool";
		};
/* End PBXNativeTarget section */

/* Begin PBXProject section */
		7512BA3A1BE991C9007D89B9 /* Project object */ = {
			isa = PBXProject;
			attributes = {
				LastUpgradeCheck = 0640;
				ORGANIZATIONNAME = "Mansi Barodia";
				TargetAttributes = {
					7512BA411BE991C9007D89B9 = {
						CreatedOnToolsVersion = 6.4;
					};
				};
			};
			buildConfigurationList = 7512BA3D1BE991C9007D89B9 /* Build configuration list for PBXProject "ObjC-DSA" */;
			compatibilityVersion = "Xcode 3.2";
			developmentRegion = English;
			hasScannedForEncodings = 0;
			knownRegions = (
				en,
			);
			mainGroup = 7512BA391BE991C9007D89B9;
			productRefGroup = 7512BA431BE991C9007D89B9 /* Products */;
			projectDirPath = "";
			projectRoot = "";
			targets = (
				7512BA411BE991C9007D89B9 /* ObjC-DSA */,
			);
		};
/* End PBXProject section */

/* Begin PBXSourcesBuildPhase section */
		7512BA3E1BE991C9007D89B9 /* Sources */ = {
			isa = PBXSourcesBuildPhase;
			buildActionMask = 2147483647;
			files = (
				7587E18C1BEB0113006E01E8 /* main.m in Sources */,
				7587E1921BEB011C006E01E8 /* CircularLinkedListController.m in Sources */,
				7587E19A1BEB0123006E01E8 /* DoublyLinkedList.m in Sources */,
				75D8DBF41E14569400E11B22 /* QueueController.m in Sources */,
				7587E1A21BEB012A006E01E8 /* LLNode.m in Sources */,
				7587E19B1BEB0123006E01E8 /* DoublyLinkedListController.m in Sources */,
				75D8DBF11E14568700E11B22 /* Queue.m in Sources */,
				7587E1A41BEB012A006E01E8 /* SinglyLinkedListController.m in Sources */,
				7587E1991BEB0123006E01E8 /* DoubleLLNode.m in Sources */,
				7587E1A31BEB012A006E01E8 /* SinglyLinkedList.m in Sources */,
				7587E1911BEB011C006E01E8 /* CircularLinkedList.m in Sources */,
			);
			runOnlyForDeploymentPostprocessing = 0;
		};
/* End PBXSourcesBuildPhase section */

/* Begin XCBuildConfiguration section */
		7512BA471BE991C9007D89B9 /* Debug */ = {
			isa = XCBuildConfiguration;
			buildSettings = {
				ALWAYS_SEARCH_USER_PATHS = NO;
				CLANG_CXX_LANGUAGE_STANDARD = "gnu++0x";
				CLANG_CXX_LIBRARY = "libc++";
				CLANG_ENABLE_MODULES = YES;
				CLANG_ENABLE_OBJC_ARC = YES;
				CLANG_WARN_BOOL_CONVERSION = YES;
				CLANG_WARN_CONSTANT_CONVERSION = YES;
				CLANG_WARN_DIRECT_OBJC_ISA_USAGE = YES_ERROR;
				CLANG_WARN_EMPTY_BODY = YES;
				CLANG_WARN_ENUM_CONVERSION = YES;
				CLANG_WARN_INT_CONVERSION = YES;
				CLANG_WARN_OBJC_ROOT_CLASS = YES_ERROR;
				CLANG_WARN_UNREACHABLE_CODE = YES;
				CLANG_WARN__DUPLICATE_METHOD_MATCH = YES;
				COPY_PHASE_STRIP = NO;
				DEBUG_INFORMATION_FORMAT = dwarf;
				ENABLE_STRICT_OBJC_MSGSEND = YES;
				GCC_C_LANGUAGE_STANDARD = gnu99;
				GCC_DYNAMIC_NO_PIC = NO;
				GCC_NO_COMMON_BLOCKS = YES;
				GCC_OPTIMIZATION_LEVEL = 0;
				GCC_PREPROCESSOR_DEFINITIONS = (
					"DEBUG=1",
					"$(inherited)",
				);
				GCC_SYMBOLS_PRIVATE_EXTERN = NO;
				GCC_WARN_64_TO_32_BIT_CONVERSION = YES;
				GCC_WARN_ABOUT_RETURN_TYPE = YES_ERROR;
				GCC_WARN_UNDECLARED_SELECTOR = YES;
				GCC_WARN_UNINITIALIZED_AUTOS = YES_AGGRESSIVE;
				GCC_WARN_UNUSED_FUNCTION = YES;
				GCC_WARN_UNUSED_VARIABLE = YES;
				MACOSX_DEPLOYMENT_TARGET = 10.10;
				MTL_ENABLE_DEBUG_INFO = YES;
				ONLY_ACTIVE_ARCH = YES;
				SDKROOT = macosx;
			};
			name = Debug;
		};
		7512BA481BE991C9007D89B9 /* Release */ = {
			isa = XCBuildConfiguration;
			buildSettings = {
				ALWAYS_SEARCH_USER_PATHS = NO;
				CLANG_CXX_LANGUAGE_STANDARD = "gnu++0x";
				CLANG_CXX_LIBRARY = "libc++";
				CLANG_ENABLE_MODULES = YES;
				CLANG_ENABLE_OBJC_ARC = YES;
				CLANG_WARN_BOOL_CONVERSION = YES;
				CLANG_WARN_CONSTANT_CONVERSION = YES;
				CLANG_WARN_DIRECT_OBJC_ISA_USAGE = YES_ERROR;
				CLANG_WARN_EMPTY_BODY = YES;
				CLANG_WARN_ENUM_CONVERSION = YES;
				CLANG_WARN_INT_CONVERSION = YES;
				CLANG_WARN_OBJC_ROOT_CLASS = YES_ERROR;
				CLANG_WARN_UNREACHABLE_CODE = YES;
				CLANG_WARN__DUPLICATE_METHOD_MATCH = YES;
				COPY_PHASE_STRIP = NO;
				DEBUG_INFORMATION_FORMAT = "dwarf-with-dsym";
				ENABLE_NS_ASSERTIONS = NO;
				ENABLE_STRICT_OBJC_MSGSEND = YES;
				GCC_C_LANGUAGE_STANDARD = gnu99;
				GCC_NO_COMMON_BLOCKS = YES;
				GCC_WARN_64_TO_32_BIT_CONVERSION = YES;
				GCC_WARN_ABOUT_RETURN_TYPE = YES_ERROR;
				GCC_WARN_UNDECLARED_SELECTOR = YES;
				GCC_WARN_UNINITIALIZED_AUTOS = YES_AGGRESSIVE;
				GCC_WARN_UNUSED_FUNCTION = YES;
				GCC_WARN_UNUSED_VARIABLE = YES;
				MACOSX_DEPLOYMENT_TARGET = 10.10;
				MTL_ENABLE_DEBUG_INFO = NO;
				SDKROOT = macosx;
			};
			name = Release;
		};
		7512BA4A1BE991C9007D89B9 /* Debug */ = {
			isa = XCBuildConfiguration;
			buildSettings = {
				PRODUCT_NAME = "$(TARGET_NAME)";
			};
			name = Debug;
		};
		7512BA4B1BE991C9007D89B9 /* Release */ = {
			isa = XCBuildConfiguration;
			buildSettings = {
				PRODUCT_NAME = "$(TARGET_NAME)";
			};
			name = Release;
		};
/* End XCBuildConfiguration section */

/* Begin XCConfigurationList section */
		7512BA3D1BE991C9007D89B9 /* Build configuration list for PBXProject "ObjC-DSA" */ = {
			isa = XCConfigurationList;
			buildConfigurations = (
				7512BA471BE991C9007D89B9 /* Debug */,
				7512BA481BE991C9007D89B9 /* Release */,
			);
			defaultConfigurationIsVisible = 0;
			defaultConfigurationName = Release;
		};
		7512BA491BE991C9007D89B9 /* Build configuration list for PBXNativeTarget "ObjC-DSA" */ = {
			isa = XCConfigurationList;
			buildConfigurations = (
				7512BA4A1BE991C9007D89B9 /* Debug */,
				7512BA4B1BE991C9007D89B9 /* Release */,
			);
			defaultConfigurationIsVisible = 0;
			defaultConfigurationName = Release;
		};
/* End XCConfigurationList section */
	};
	rootObject = 7512BA3A1BE991C9007D89B9 /* Project object */;
}
